<?xml version="1.0" encoding="utf-8"?>
<Project ToolsVersion="4.0" xmlns="http://schemas.microsoft.com/developer/msbuild/2003">
  <ItemGroup>
    <ClCompile Include="src\Physics\Camera.cpp">
      <Filter>Physics</Filter>
    </ClCompile>
    <ClCompile Include="src\Physics\Tank.cpp">
      <Filter>Physics</Filter>
    </ClCompile>
    <ClCompile Include="src\Platform\GWindows.cpp">
      <Filter>Platform</Filter>
    </ClCompile>
    <ClCompile Include="src\Render\MaterialMTL.cpp">
      <Filter>Render</Filter>
    </ClCompile>
    <ClCompile Include="src\Render\ModelOBJ.cpp">
      <Filter>Render</Filter>
    </ClCompile>
    <ClCompile Include="src\Render\RenderGL.cpp">
      <Filter>Render</Filter>
    </ClCompile>
  </ItemGroup>
  <ItemGroup>
    <ClInclude Include="src\Core\Camera.h">
      <Filter>Core</Filter>
    </ClInclude>
    <ClInclude Include="src\Core\FileReader.h">
      <Filter>Core</Filter>
    </ClInclude>
    <ClInclude Include="src\Core\Time.h">
      <Filter>Core</Filter>
    </ClInclude>
    <ClInclude Include="src\Math\GMath.h">
      <Filter>Math</Filter>
    </ClInclude>
    <ClInclude Include="src\Math\Line.h">
      <Filter>Math</Filter>
    </ClInclude>
    <ClInclude Include="src\Math\Matrix3.h">
      <Filter>Math</Filter>
    </ClInclude>
    <ClInclude Include="src\Math\Plane.h">
      <Filter>Math</Filter>
    </ClInclude>
    <ClInclude Include="src\Math\Quaternion.h">
      <Filter>Math</Filter>
    </ClInclude>
    <ClInclude Include="src\Math\Vector3f.h">
      <Filter>Math</Filter>
    </ClInclude>
    <ClInclude Include="src\Physics\Camera.h">
      <Filter>Physics</Filter>
    </ClInclude>
    <ClInclude Include="src\Physics\Entity.h">
      <Filter>Physics</Filter>
    </ClInclude>
    <ClInclude Include="src\Physics\Tank.h">
      <Filter>Physics</Filter>
    </ClInclude>
    <ClInclude Include="src\Physics\Tera.h">
      <Filter>Physics</Filter>
    </ClInclude>
    <ClInclude Include="src\Platform\GWindows.h">
      <Filter>Platform</Filter>
    </ClInclude>
    <ClInclude Include="src\Render\Color4f.h">
      <Filter>Render</Filter>
    </ClInclude>
    <ClInclude Include="src\Render\MaterialMTL.h">
      <Filter>Render</Filter>
    </ClInclude>
    <ClInclude Include="src\Render\ModelOBJ.h">
      <Filter>Render</Filter>
    </ClInclude>
    <ClInclude Include="src\Render\Render.h">
      <Filter>Render</Filter>
    </ClInclude>
    <ClInclude Include="src\Render\RenderGL.h">
      <Filter>Render</Filter>
    </ClInclude>
    <ClInclude Include="src\GEngine.h" />
  </ItemGroup>
  <ItemGroup>
    <Filter Include="Core">
      <UniqueIdentifier>{9fb7f9d2-b00f-4fff-9042-e77fb372a76a}</UniqueIdentifier>
    </Filter>
    <Filter Include="Math">
      <UniqueIdentifier>{48aca5e0-9d19-48db-a469-2e93b384d3ab}</UniqueIdentifier>
    </Filter>
    <Filter Include="Physics">
      <UniqueIdentifier>{3ac15a0c-c8f7-4f1c-a602-d53b9da264a1}</UniqueIdentifier>
    </Filter>
    <Filter Include="Platform">
      <UniqueIdentifier>{8b802d17-51ed-4020-b048-9fece227f8ee}</UniqueIdentifier>
    </Filter>
    <Filter Include="Render">
      <UniqueIdentifier>{4ee81c14-8c00-4c4a-8211-eb58167c2a1f}</UniqueIdentifier>
    </Filter>
    <Filter Include="Shaders">
      <UniqueIdentifier>{8e6dd8e7-7352-4719-9a89-c10eb42cf426}</UniqueIdentifier>
    </Filter>
  </ItemGroup>
  <ItemGroup>
    <None Include="src\Shaders\fragment_shader.glsl">
      <Filter>Shaders</Filter>
    </None>
    <None Include="src\Shaders\vertex_shader.glsl">
      <Filter>Shaders</Filter>
    </None>
    <None Include="src\Shaders\Wave.cg">
      <Filter>Shaders</Filter>
    </None>
  </ItemGroup>
</Project>