<?xml version="1.0" encoding="utf-8"?>
<Project ToolsVersion="4.0" xmlns="http://schemas.microsoft.com/developer/msbuild/2003">
  <ItemGroup>
    <ClCompile Include="src\Core\Camera.cpp">
      <Filter>Core</Filter>
    </ClCompile>
    <ClCompile Include="src\Core\FileReader.cpp">
      <Filter>Core</Filter>
    </ClCompile>
    <ClCompile Include="src\Core\Game.cpp">
      <Filter>Core</Filter>
    </ClCompile>
    <ClCompile Include="src\Physics\Tank.cpp">
      <Filter>Physics</Filter>
    </ClCompile>
    <ClCompile Include="src\Render\Model.cpp">
      <Filter>Render</Filter>
    </ClCompile>
    <ClCompile Include="src\Render\ModelM.cpp">
      <Filter>Render</Filter>
    </ClCompile>
    <ClCompile Include="src\Render\RenderGL.cpp">
      <Filter>Render</Filter>
    </ClCompile>
    <ClCompile Include="src\Platform\GWindows.cpp">
      <Filter>Platform</Filter>
    </ClCompile>
  </ItemGroup>
  <ItemGroup>
    <ClInclude Include="src\Core\Camera.h">
      <Filter>Core</Filter>
    </ClInclude>
    <ClInclude Include="src\Core\Constans.h">
      <Filter>Core</Filter>
    </ClInclude>
    <ClInclude Include="src\Core\FileReader.h">
      <Filter>Core</Filter>
    </ClInclude>
    <ClInclude Include="src\Core\Game.h">
      <Filter>Core</Filter>
    </ClInclude>
    <ClInclude Include="src\Math\gmath.h">
      <Filter>Math</Filter>
    </ClInclude>
    <ClInclude Include="src\Math\Matrix3.h">
      <Filter>Math</Filter>
    </ClInclude>
    <ClInclude Include="src\Math\Plane.h">
      <Filter>Math</Filter>
    </ClInclude>
    <ClInclude Include="src\Math\Quaternion.h">
      <Filter>Math</Filter>
    </ClInclude>
    <ClInclude Include="src\Math\Vector3f.h">
      <Filter>Math</Filter>
    </ClInclude>
    <ClInclude Include="src\Physics\ConstantVelocity.h">
      <Filter>Physics</Filter>
    </ClInclude>
    <ClInclude Include="src\Physics\Entity.h">
      <Filter>Physics</Filter>
    </ClInclude>
    <ClInclude Include="src\Physics\MassConnectedWithSpring.h">
      <Filter>Physics</Filter>
    </ClInclude>
    <ClInclude Include="src\Physics\MotionUnderGravitation.h">
      <Filter>Physics</Filter>
    </ClInclude>
    <ClInclude Include="src\Physics\Simulation.h">
      <Filter>Physics</Filter>
    </ClInclude>
    <ClInclude Include="src\Physics\Tank.h">
      <Filter>Physics</Filter>
    </ClInclude>
    <ClInclude Include="src\Physics\Tera.h">
      <Filter>Physics</Filter>
    </ClInclude>
    <ClInclude Include="src\Render\Color4f.h">
      <Filter>Render</Filter>
    </ClInclude>
    <ClInclude Include="src\Render\Model.h">
      <Filter>Render</Filter>
    </ClInclude>
    <ClInclude Include="src\Render\ModelM.h">
      <Filter>Render</Filter>
    </ClInclude>
    <ClInclude Include="src\Render\Render.h">
      <Filter>Render</Filter>
    </ClInclude>
    <ClInclude Include="src\Render\RenderGL.h">
      <Filter>Render</Filter>
    </ClInclude>
    <ClInclude Include="src\GEngine.h" />
    <ClInclude Include="src\Platform\GWindows.h">
      <Filter>Platform</Filter>
    </ClInclude>
    <ClInclude Include="src\Math\Line.h">
      <Filter>Math</Filter>
    </ClInclude>
    <ClInclude Include="src\Lib\glaux.h">
      <Filter>Lib</Filter>
    </ClInclude>
  </ItemGroup>
  <ItemGroup>
    <Filter Include="Core">
      <UniqueIdentifier>{ca93f406-eabf-482f-95e8-086bf8761268}</UniqueIdentifier>
    </Filter>
    <Filter Include="Math">
      <UniqueIdentifier>{8c381177-d46c-4d9d-bbb6-e417d5ce377e}</UniqueIdentifier>
    </Filter>
    <Filter Include="Render">
      <UniqueIdentifier>{e88c9e02-ecb7-4218-8917-ba2069d49699}</UniqueIdentifier>
    </Filter>
    <Filter Include="Physics">
      <UniqueIdentifier>{7e4d1cfd-cdec-4a32-aa3e-3c09e5fef6ae}</UniqueIdentifier>
    </Filter>
    <Filter Include="Platform">
      <UniqueIdentifier>{7ec9917a-1b9c-4100-beea-ca7e8277d7b3}</UniqueIdentifier>
    </Filter>
    <Filter Include="Lib">
      <UniqueIdentifier>{8e6449a3-ef96-4bc9-8ceb-4feb3006530a}</UniqueIdentifier>
    </Filter>
  </ItemGroup>
</Project>