<?xml version="1.0" encoding="utf-8"?>
<Project ToolsVersion="4.0" xmlns="http://schemas.microsoft.com/developer/msbuild/2003">
  <ItemGroup>
    <ClCompile Include="source\Core\Input.cpp">
      <Filter>Core</Filter>
    </ClCompile>
    <ClCompile Include="source\Render\MaterialMTL.cpp">
      <Filter>Render</Filter>
    </ClCompile>
    <ClCompile Include="source\Render\RenderGL.cpp">
      <Filter>Render</Filter>
    </ClCompile>
    <ClCompile Include="source\Game.cpp" />
    <ClCompile Include="source\Physics\ModelOBJ.cpp">
      <Filter>Physics</Filter>
    </ClCompile>
    <ClCompile Include="source\Core\Time.cpp">
      <Filter>Core</Filter>
    </ClCompile>
    <ClCompile Include="source\Core\FileReader.cpp">
      <Filter>Core</Filter>
    </ClCompile>
  </ItemGroup>
  <ItemGroup>
    <ClInclude Include="source\Core\FileReader.h">
      <Filter>Core</Filter>
    </ClInclude>
    <ClInclude Include="source\Core\Input.h">
      <Filter>Core</Filter>
    </ClInclude>
    <ClInclude Include="source\Core\Time.h">
      <Filter>Core</Filter>
    </ClInclude>
    <ClInclude Include="source\Math\GMath.h">
      <Filter>Math</Filter>
    </ClInclude>
    <ClInclude Include="source\Math\Line.h">
      <Filter>Math</Filter>
    </ClInclude>
    <ClInclude Include="source\Math\Plane.h">
      <Filter>Math</Filter>
    </ClInclude>
    <ClInclude Include="source\Math\Quaternion.h">
      <Filter>Math</Filter>
    </ClInclude>
    <ClInclude Include="source\Math\Vector3f.h">
      <Filter>Math</Filter>
    </ClInclude>
    <ClInclude Include="source\Physics\Camera.h">
      <Filter>Physics</Filter>
    </ClInclude>
    <ClInclude Include="source\Physics\Entity.h">
      <Filter>Physics</Filter>
    </ClInclude>
    <ClInclude Include="source\Physics\Tank.h">
      <Filter>Physics</Filter>
    </ClInclude>
    <ClInclude Include="source\Physics\Tera.h">
      <Filter>Physics</Filter>
    </ClInclude>
    <ClInclude Include="source\Render\Color4f.h">
      <Filter>Render</Filter>
    </ClInclude>
    <ClInclude Include="source\Render\MaterialMTL.h">
      <Filter>Render</Filter>
    </ClInclude>
    <ClInclude Include="source\Render\Render.h">
      <Filter>Render</Filter>
    </ClInclude>
    <ClInclude Include="source\Render\RenderGL.h">
      <Filter>Render</Filter>
    </ClInclude>
    <ClInclude Include="source\Game.h" />
    <ClInclude Include="source\Options.h" />
    <ClInclude Include="source\Math\Vector4f.h">
      <Filter>Math</Filter>
    </ClInclude>
    <ClInclude Include="source\Physics\Box.h">
      <Filter>Physics</Filter>
    </ClInclude>
    <ClInclude Include="source\Physics\Ball.h">
      <Filter>Physics</Filter>
    </ClInclude>
    <ClInclude Include="source\Physics\ModelOBJ.h">
      <Filter>Physics</Filter>
    </ClInclude>
    <ClInclude Include="source\Physics\Collision.h">
      <Filter>Physics</Filter>
    </ClInclude>
    <ClInclude Include="source\Physics\Rectangle.h">
      <Filter>Physics</Filter>
    </ClInclude>
  </ItemGroup>
  <ItemGroup>
    <Filter Include="Core">
      <UniqueIdentifier>{9fb7f9d2-b00f-4fff-9042-e77fb372a76a}</UniqueIdentifier>
    </Filter>
    <Filter Include="Math">
      <UniqueIdentifier>{48aca5e0-9d19-48db-a469-2e93b384d3ab}</UniqueIdentifier>
    </Filter>
    <Filter Include="Physics">
      <UniqueIdentifier>{3ac15a0c-c8f7-4f1c-a602-d53b9da264a1}</UniqueIdentifier>
    </Filter>
    <Filter Include="Render">
      <UniqueIdentifier>{4ee81c14-8c00-4c4a-8211-eb58167c2a1f}</UniqueIdentifier>
    </Filter>
    <Filter Include="Shaders">
      <UniqueIdentifier>{8e6dd8e7-7352-4719-9a89-c10eb42cf426}</UniqueIdentifier>
    </Filter>
  </ItemGroup>
  <ItemGroup>
    <None Include="source\Shaders\fragment_shader.glsl">
      <Filter>Shaders</Filter>
    </None>
    <None Include="source\Shaders\vertex_shader.glsl">
      <Filter>Shaders</Filter>
    </None>
    <None Include="source\Shaders\Wave.cg">
      <Filter>Shaders</Filter>
    </None>
  </ItemGroup>
</Project>